
Microsoft Visual Studio Solution File, Format Version 12.00
# Visual Studio Version 16
VisualStudioVersion = 16.0.31313.79
MinimumVisualStudioVersion = 10.0.40219.1
Project("{FAE04EC0-301F-11D3-BF4B-00C04F79EFBC}") = "Exercicio", "Exercicio.csproj", "{CAB985A7-F0A5-47E9-A22B-8279D27FF046}"
EndProject
Global
	GlobalSection(SolutionConfigurationPlatforms) = preSolution
		Debug|Any CPU = Debug|Any CPU
		Release|Any CPU = Release|Any CPU
	EndGlobalSection
	GlobalSection(ProjectConfigurationPlatforms) = postSolution
		{CAB985A7-F0A5-47E9-A22B-8279D27FF046}.Debug|Any CPU.ActiveCfg = Debug|Any CPU
		{CAB985A7-F0A5-47E9-A22B-8279D27FF046}.Debug|Any CPU.Build.0 = Debug|Any CPU
		{CAB985A7-F0A5-47E9-A22B-8279D27FF046}.Release|Any CPU.ActiveCfg = Release|Any CPU
		{CAB985A7-F0A5-47E9-A22B-8279D27FF046}.Release|Any CPU.Build.0 = Release|Any CPU
	EndGlobalSection
	GlobalSection(SolutionProperties) = preSolution
		HideSolutionNode = FALSE
	EndGlobalSection
	GlobalSection(ExtensibilityGlobals) = postSolution
		SolutionGuid = {7D9D2790-9B56-4BD8-BFF0-A81EAF1B4188}
	EndGlobalSection
EndGlobal
